Microsoft Visual Studio Solution File, Format Version 12.00
# Visual Studio Version 17
VisualStudioVersion = 17.5.2.0
MinimumVisualStudioVersion = 10.0.40219.1
Project("{FAE04EC0-301F-11D3-BF4B-00C04F79EFBC}") = "LabApi", "src/LabApi/LabApi.csproj", "{83D70992-5F5C-B99A-1014-C23B84B3DD31}"
EndProject
Global
	GlobalSection(SolutionConfigurationPlatforms) = preSolution
		Debug|Any CPU = Debug|Any CPU
		Release|Any CPU = Release|Any CPU
	EndGlobalSection
	GlobalSection(ProjectConfigurationPlatforms) = postSolution
		{83D70992-5F5C-B99A-1014-C23B84B3DD31}.Debug|Any CPU.ActiveCfg = Debug|Any CPU
		{83D70992-5F5C-B99A-1014-C23B84B3DD31}.Debug|Any CPU.Build.0 = Debug|Any CPU
		{83D70992-5F5C-B99A-1014-C23B84B3DD31}.Release|Any CPU.ActiveCfg = Release|Any CPU
		{83D70992-5F5C-B99A-1014-C23B84B3DD31}.Release|Any CPU.Build.0 = Release|Any CPU
	EndGlobalSection
	GlobalSection(SolutionProperties) = preSolution
		HideSolutionNode = FALSE
	EndGlobalSection
	GlobalSection(ExtensibilityGlobals) = postSolution
		SolutionGuid = {840B9CC1-9F7A-42C6-9236-0EA38509966A}
	EndGlobalSection
EndGlobal
